{
  "name": "webjsx-examples-todos",
  "lockfileVersion": 2,
  "requires": true,
  "packages": {
    "": {
      "name": "webjsx-examples-todos",
      "license": "MIT",
      "dependencies": {
        "webjsx": "^0.0.1"
      },
      "devDependencies": {
        "typescript": "^5.6.2"
      }
    },
    "node_modules/typescript": {
      "version": "5.6.2",
      "resolved": "https://registry.npmjs.org/typescript/-/typescript-5.6.2.tgz",
      "integrity": "sha512-NW8ByodCSNCwZeghjN3o+JX5OFH0Ojg6sadjEKY4huZ52TqbJTJnDo5+Tw98lSy63NZvi4n+ez5m2u5d4PkZyw==",
      "dev": true,
      "bin": {
        "tsc": "bin/tsc",
        "tsserver": "bin/tsserver"
      },
      "engines": {
        "node": ">=14.17"
      }
    },
    "node_modules/webjsx": {
      "version": "0.0.1",
      "resolved": "https://registry.npmjs.org/webjsx/-/webjsx-0.0.1.tgz",
      "integrity": "sha512-VQ0u6W9N5c6tSxLIOTL8SPbacKawa7FQKYyM/4C3U7JdGWZRTqpxmwjuHup5GEkwBj2+TMiZ8fKqVHNLxDkhgg=="
    }
  },
  "dependencies": {
    "typescript": {
      "version": "5.6.2",
      "resolved": "https://registry.npmjs.org/typescript/-/typescript-5.6.2.tgz",
      "integrity": "sha512-NW8ByodCSNCwZeghjN3o+JX5OFH0Ojg6sadjEKY4huZ52TqbJTJnDo5+Tw98lSy63NZvi4n+ez5m2u5d4PkZyw==",
      "dev": true
    },
    "webjsx": {
      "version": "0.0.1",
      "resolved": "https://registry.npmjs.org/webjsx/-/webjsx-0.0.1.tgz",
      "integrity": "sha512-VQ0u6W9N5c6tSxLIOTL8SPbacKawa7FQKYyM/4C3U7JdGWZRTqpxmwjuHup5GEkwBj2+TMiZ8fKqVHNLxDkhgg=="
    }
  }
}
