{
  "name": "forgo-next-examples",
  "lockfileVersion": 2,
  "requires": true,
  "packages": {
    "": {
      "name": "forgo-next-examples",
      "license": "MIT",
      "dependencies": {
        "forgo-next": "^0.0.6"
      },
      "devDependencies": {
        "typescript": "^5.6.2"
      }
    },
    "node_modules/forgo-next": {
      "version": "0.0.6",
      "resolved": "https://registry.npmjs.org/forgo-next/-/forgo-next-0.0.6.tgz",
      "integrity": "sha512-LduRzOSYI+eY7Q6b2IliA+tLkS32dAMGZdY0twmWH3Z+dv/YKVhblrnj9LwNp64zw9ZZI7BPqhvByf1E4vn+xw=="
    },
    "node_modules/typescript": {
      "version": "5.6.2",
      "resolved": "https://registry.npmjs.org/typescript/-/typescript-5.6.2.tgz",
      "integrity": "sha512-NW8ByodCSNCwZeghjN3o+JX5OFH0Ojg6sadjEKY4huZ52TqbJTJnDo5+Tw98lSy63NZvi4n+ez5m2u5d4PkZyw==",
      "dev": true,
      "bin": {
        "tsc": "bin/tsc",
        "tsserver": "bin/tsserver"
      },
      "engines": {
        "node": ">=14.17"
      }
    }
  },
  "dependencies": {
    "forgo-next": {
      "version": "0.0.6",
      "resolved": "https://registry.npmjs.org/forgo-next/-/forgo-next-0.0.6.tgz",
      "integrity": "sha512-LduRzOSYI+eY7Q6b2IliA+tLkS32dAMGZdY0twmWH3Z+dv/YKVhblrnj9LwNp64zw9ZZI7BPqhvByf1E4vn+xw=="
    },
    "typescript": {
      "version": "5.6.2",
      "resolved": "https://registry.npmjs.org/typescript/-/typescript-5.6.2.tgz",
      "integrity": "sha512-NW8ByodCSNCwZeghjN3o+JX5OFH0Ojg6sadjEKY4huZ52TqbJTJnDo5+Tw98lSy63NZvi4n+ez5m2u5d4PkZyw==",
      "dev": true
    }
  }
}
